<Solution>
  <Folder Name="/src/">
    <Project Path="src/Ticketing.API/Ticketing.API.csproj" />
    <Project Path="src/Ticketing.Application/Ticketing.Application.csproj" />
    <Project Path="src/Ticketing.Domain/Ticketing.Domain.csproj" />
    <Project Path="src/Ticketing.Infrastructure/Ticketing.Infrastructure.csproj" />
  </Folder>
  <Folder Name="/tests/">
    <Project Path="tests/Ticketing.IntegrationTests/Ticketing.IntegrationTests.csproj" />
  </Folder>
</Solution>
